<Solution>
  <Project Path="lect1/lect1.csproj" />
  <Project Path="Lect10-1/Lect10-1.csproj" Id="02956c81-3380-445e-aa19-2808d42c3ae9" />
  <Project Path="Lect10/Lect10.csproj" Id="24f61e28-3b89-424c-8ccb-ea2123e20694" />
  <Project Path="Lect11/Lect11.csproj" Id="a9793b40-3539-457a-aac3-892c9d38aa6f" />
  <Project Path="lect2/lect2.csproj" Id="5d626f52-7fc8-4354-b81d-765f67d923a4" />
  <Project Path="lect3/lect3.csproj" Id="7804aa33-75ba-4645-a220-f2bb80b130c5" />
  <Project Path="lect4/lect4.csproj" Id="b2eec95d-052e-4d61-9ab7-b93010c5c59c" />
  <Project Path="Lect5/Lect5.csproj" Id="d26d0805-3667-49cb-b1f4-5cf77dbabf79" />
  <Project Path="Lect6/Lect6.csproj" Id="fc1e9bd1-7bac-430f-8e4c-ce3da3cc486b" />
  <Project Path="Lect7/Lect7.csproj" Id="b91bf917-d9d3-49b9-aaa6-b7a81700b62a" />
  <Project Path="Lect8/Lect8.csproj" Id="edfddfe3-1d88-43b4-93c2-ac941a2904c2" />
  <Project Path="Lect9/Lect9.csproj" Id="13deb7f7-44ac-4edf-a179-e78cfba4f26c" />
</Solution>
